
Microsoft Visual Studio Solution File, Format Version 12.00
# Visual Studio 15
VisualStudioVersion = 15.0.28307.1972
MinimumVisualStudioVersion = 10.0.40219.1
Project("{FAE04EC0-301F-11D3-BF4B-00C04F79EFBC}") = "supp", "supp\supp.csproj", "{07E5303F-76FD-4350-AB9A-C1081781A926}"
EndProject
Global
	GlobalSection(SolutionConfigurationPlatforms) = preSolution
		Debug|Any CPU = Debug|Any CPU
		Release|Any CPU = Release|Any CPU
	EndGlobalSection
	GlobalSection(ProjectConfigurationPlatforms) = postSolution
		{07E5303F-76FD-4350-AB9A-C1081781A926}.Debug|Any CPU.ActiveCfg = Debug|Any CPU
		{07E5303F-76FD-4350-AB9A-C1081781A926}.Debug|Any CPU.Build.0 = Debug|Any CPU
		{07E5303F-76FD-4350-AB9A-C1081781A926}.Release|Any CPU.ActiveCfg = Release|Any CPU
		{07E5303F-76FD-4350-AB9A-C1081781A926}.Release|Any CPU.Build.0 = Release|Any CPU
	EndGlobalSection
	GlobalSection(SolutionProperties) = preSolution
		HideSolutionNode = FALSE
	EndGlobalSection
	GlobalSection(ExtensibilityGlobals) = postSolution
		SolutionGuid = {63DED0A0-D835-4C20-BD92-F8673069E721}
	EndGlobalSection
EndGlobal
